// !$*UTF8*$!
{
	archiveVersion = 1;
	classes = {
	};
	objectVersion = 46;
	objects = {

/* Begin PBXBuildFile section */
		F02FF2D71B9FD1290046B9F1 /* main.m in Sources */ = {isa = PBXBuildFile; fileRef = F02FF2D61B9FD1290046B9F1 /* main.m */; };
		F02FF2DA1B9FD1290046B9F1 /* AppDelegate.m in Sources */ = {isa = PBXBuildFile; fileRef = F02FF2D91B9FD1290046B9F1 /* AppDelegate.m */; };
		F02FF2DD1B9FD1290046B9F1 /* FirstViewController.m in Sources */ = {isa = PBXBuildFile; fileRef = F02FF2DC1B9FD1290046B9F1 /* FirstViewController.m */; };
		F02FF2E01B9FD1290046B9F1 /* SecondViewController.m in Sources */ = {isa = PBXBuildFile; fileRef = F02FF2DF1B9FD1290046B9F1 /* SecondViewController.m */; };
		F02FF2E31B9FD1290046B9F1 /* Main.storyboard in Resources */ = {isa = PBXBuildFile; fileRef = F02FF2E11B9FD1290046B9F1 /* Main.storyboard */; };
		F02FF2E51B9FD1290046B9F1 /* Images.xcassets in Resources */ = {isa = PBXBuildFile; fileRef = F02FF2E41B9FD1290046B9F1 /* Images.xcassets */; };
		F02FF2E81B9FD1290046B9F1 /* LaunchScreen.xib in Resources */ = {isa = PBXBuildFile; fileRef = F02FF2E61B9FD1290046B9F1 /* LaunchScreen.xib */; };
		F02FF2F41B9FD1290046B9F1 /* WeiBoTests.m in Sources */ = {isa = PBXBuildFile; fileRef = F02FF2F31B9FD1290046B9F1 /* WeiBoTests.m */; };
/* End PBXBuildFile section */

/* Begin PBXContainerItemProxy section */
		F02FF2EE1B9FD1290046B9F1 /* PBXContainerItemProxy */ = {
			isa = PBXContainerItemProxy;
			containerPortal = F02FF2C91B9FD1290046B9F1 /* Project object */;
			proxyType = 1;
			remoteGlobalIDString = F02FF2D01B9FD1290046B9F1;
			remoteInfo = WeiBo;
		};
/* End PBXContainerItemProxy section */

/* Begin PBXFileReference section */
		F02FF2D11B9FD1290046B9F1 /* WeiBo.app */ = {isa = PBXFileReference; explicitFileType = wrapper.application; includeInIndex = 0; path = WeiBo.app; sourceTree = BUILT_PRODUCTS_DIR; };
		F02FF2D51B9FD1290046B9F1 /* Info.plist */ = {isa = PBXFileReference; lastKnownFileType = text.plist.xml; path = Info.plist; sourceTree = "<group>"; };
		F02FF2D61B9FD1290046B9F1 /* main.m */ = {isa = PBXFileReference; lastKnownFileType = sourcecode.c.objc; path = main.m; sourceTree = "<group>"; };
		F02FF2D81B9FD1290046B9F1 /* AppDelegate.h */ = {isa = PBXFileReference; lastKnownFileType = sourcecode.c.h; path = AppDelegate.h; sourceTree = "<group>"; };
		F02FF2D91B9FD1290046B9F1 /* AppDelegate.m */ = {isa = PBXFileReference; lastKnownFileType = sourcecode.c.objc; path = AppDelegate.m; sourceTree = "<group>"; };
		F02FF2DB1B9FD1290046B9F1 /* FirstViewController.h */ = {isa = PBXFileReference; lastKnownFileType = sourcecode.c.h; path = FirstViewController.h; sourceTree = "<group>"; };
		F02FF2DC1B9FD1290046B9F1 /* FirstViewController.m */ = {isa = PBXFileReference; lastKnownFileType = sourcecode.c.objc; path = FirstViewController.m; sourceTree = "<group>"; };
		F02FF2DE1B9FD1290046B9F1 /* SecondViewController.h */ = {isa = PBXFileReference; lastKnownFileType = sourcecode.c.h; path = SecondViewController.h; sourceTree = "<group>"; };
		F02FF2DF1B9FD1290046B9F1 /* SecondViewController.m */ = {isa = PBXFileReference; lastKnownFileType = sourcecode.c.objc; path = SecondViewController.m; sourceTree = "<group>"; };
		F02FF2E21B9FD1290046B9F1 /* Base */ = {isa = PBXFileReference; lastKnownFileType = file.storyboard; name = Base; path = Base.lproj/Main.storyboard; sourceTree = "<group>"; };
		F02FF2E41B9FD1290046B9F1 /* Images.xcassets */ = {isa = PBXFileReference; lastKnownFileType = folder.assetcatalog; path = Images.xcassets; sourceTree = "<group>"; };
		F02FF2E71B9FD1290046B9F1 /* Base */ = {isa = PBXFileReference; lastKnownFileType = file.xib; name = Base; path = Base.lproj/LaunchScreen.xib; sourceTree = "<group>"; };
		F02FF2ED1B9FD1290046B9F1 /* WeiBoTests.xctest */ = {isa = PBXFileReference; explicitFileType = wrapper.cfbundle; includeInIndex = 0; path = WeiBoTests.xctest; sourceTree = BUILT_PRODUCTS_DIR; };
		F02FF2F21B9FD1290046B9F1 /* Info.plist */ = {isa = PBXFileReference; lastKnownFileType = text.plist.xml; path = Info.plist; sourceTree = "<group>"; };
		F02FF2F31B9FD1290046B9F1 /* WeiBoTests.m */ = {isa = PBXFileReference; lastKnownFileType = sourcecode.c.objc; path = WeiBoTests.m; sourceTree = "<group>"; };
/* End PBXFileReference section */

/* Begin PBXFrameworksBuildPhase section */
		F02FF2CE1B9FD1290046B9F1 /* Frameworks */ = {
			isa = PBXFrameworksBuildPhase;
			buildActionMask = 2147483647;
			files = (
			);
			runOnlyForDeploymentPostprocessing = 0;
		};
		F02FF2EA1B9FD1290046B9F1 /* Frameworks */ = {
			isa = PBXFrameworksBuildPhase;
			buildActionMask = 2147483647;
			files = (
			);
			runOnlyForDeploymentPostprocessing = 0;
		};
/* End PBXFrameworksBuildPhase section */

/* Begin PBXGroup section */
		F02FF2C81B9FD1290046B9F1 = {
			isa = PBXGroup;
			children = (
				F02FF2D31B9FD1290046B9F1 /* WeiBo */,
				F02FF2F01B9FD1290046B9F1 /* WeiBoTests */,
				F02FF2D21B9FD1290046B9F1 /* Products */,
			);
			sourceTree = "<group>";
		};
		F02FF2D21B9FD1290046B9F1 /* Products */ = {
			isa = PBXGroup;
			children = (
				F02FF2D11B9FD1290046B9F1 /* WeiBo.app */,
				F02FF2ED1B9FD1290046B9F1 /* WeiBoTests.xctest */,
			);
			name = Products;
			sourceTree = "<group>";
		};
		F02FF2D31B9FD1290046B9F1 /* WeiBo */ = {
			isa = PBXGroup;
			children = (
				F02FF2D81B9FD1290046B9F1 /* AppDelegate.h */,
				F02FF2D91B9FD1290046B9F1 /* AppDelegate.m */,
				F02FF2DB1B9FD1290046B9F1 /* FirstViewController.h */,
				F02FF2DC1B9FD1290046B9F1 /* FirstViewController.m */,
				F02FF2DE1B9FD1290046B9F1 /* SecondViewController.h */,
				F02FF2DF1B9FD1290046B9F1 /* SecondViewController.m */,
				F02FF2E11B9FD1290046B9F1 /* Main.storyboard */,
				F02FF2E41B9FD1290046B9F1 /* Images.xcassets */,
				F02FF2E61B9FD1290046B9F1 /* LaunchScreen.xib */,
				F02FF2D41B9FD1290046B9F1 /* Supporting Files */,
			);
			path = WeiBo;
			sourceTree = "<group>";
		};
		F02FF2D41B9FD1290046B9F1 /* Supporting Files */ = {
			isa = PBXGroup;
			children = (
				F02FF2D51B9FD1290046B9F1 /* Info.plist */,
				F02FF2D61B9FD1290046B9F1 /* main.m */,
			);
			name = "Supporting Files";
			sourceTree = "<group>";
		};
		F02FF2F01B9FD1290046B9F1 /* WeiBoTests */ = {
			isa = PBXGroup;
			children = (
				F02FF2F31B9FD1290046B9F1 /* WeiBoTests.m */,
				F02FF2F11B9FD1290046B9F1 /* Supporting Files */,
			);
			path = WeiBoTests;
			sourceTree = "<group>";
		};
		F02FF2F11B9FD1290046B9F1 /* Supporting Files */ = {
			isa = PBXGroup;
			children = (
				F02FF2F21B9FD1290046B9F1 /* Info.plist */,
			);
			name = "Supporting Files";
			sourceTree = "<group>";
		};
/* End PBXGroup section */

/* Begin PBXNativeTarget section */
		F02FF2D01B9FD1290046B9F1 /* WeiBo */ = {
			isa = PBXNativeTarget;
			buildConfigurationList = F02FF2F71B9FD1290046B9F1 /* Build configuration list for PBXNativeTarget "WeiBo" */;
			buildPhases = (
				F02FF2CD1B9FD1290046B9F1 /* Sources */,
				F02FF2CE1B9FD1290046B9F1 /* Frameworks */,
				F02FF2CF1B9FD1290046B9F1 /* Resources */,
			);
			buildRules = (
			);
			dependencies = (
			);
			name = WeiBo;
			productName = WeiBo;
			productReference = F02FF2D11B9FD1290046B9F1 /* WeiBo.app */;
			productType = "com.apple.product-type.application";
		};
		F02FF2EC1B9FD1290046B9F1 /* WeiBoTests */ = {
			isa = PBXNativeTarget;
			buildConfigurationList = F02FF2FA1B9FD1290046B9F1 /* Build configuration list for PBXNativeTarget "WeiBoTests" */;
			buildPhases = (
				F02FF2E91B9FD1290046B9F1 /* Sources */,
				F02FF2EA1B9FD1290046B9F1 /* Frameworks */,
				F02FF2EB1B9FD1290046B9F1 /* Resources */,
			);
			buildRules = (
			);
			dependencies = (
				F02FF2EF1B9FD1290046B9F1 /* PBXTargetDependency */,
			);
			name = WeiBoTests;
			productName = WeiBoTests;
			productReference = F02FF2ED1B9FD1290046B9F1 /* WeiBoTests.xctest */;
			productType = "com.apple.product-type.bundle.unit-test";
		};
/* End PBXNativeTarget section */

/* Begin PBXProject section */
		F02FF2C91B9FD1290046B9F1 /* Project object */ = {
			isa = PBXProject;
			attributes = {
				LastUpgradeCheck = 0640;
				ORGANIZATIONNAME = mac527;
				TargetAttributes = {
					F02FF2D01B9FD1290046B9F1 = {
						CreatedOnToolsVersion = 6.4;
					};
					F02FF2EC1B9FD1290046B9F1 = {
						CreatedOnToolsVersion = 6.4;
						TestTargetID = F02FF2D01B9FD1290046B9F1;
					};
				};
			};
			buildConfigurationList = F02FF2CC1B9FD1290046B9F1 /* Build configuration list for PBXProject "WeiBo" */;
			compatibilityVersion = "Xcode 3.2";
			developmentRegion = English;
			hasScannedForEncodings = 0;
			knownRegions = (
				en,
				Base,
			);
			mainGroup = F02FF2C81B9FD1290046B9F1;
			productRefGroup = F02FF2D21B9FD1290046B9F1 /* Products */;
			projectDirPath = "";
			projectRoot = "";
			targets = (
				F02FF2D01B9FD1290046B9F1 /* WeiBo */,
				F02FF2EC1B9FD1290046B9F1 /* WeiBoTests */,
			);
		};
/* End PBXProject section */

/* Begin PBXResourcesBuildPhase section */
		F02FF2CF1B9FD1290046B9F1 /* Resources */ = {
			isa = PBXResourcesBuildPhase;
			buildActionMask = 2147483647;
			files = (
				F02FF2E31B9FD1290046B9F1 /* Main.storyboard in Resources */,
				F02FF2E81B9FD1290046B9F1 /* LaunchScreen.xib in Resources */,
				F02FF2E51B9FD1290046B9F1 /* Images.xcassets in Resources */,
			);
			runOnlyForDeploymentPostprocessing = 0;
		};
		F02FF2EB1B9FD1290046B9F1 /* Resources */ = {
			isa = PBXResourcesBuildPhase;
			buildActionMask = 2147483647;
			files = (
			);
			runOnlyForDeploymentPostprocessing = 0;
		};
/* End PBXResourcesBuildPhase section */

/* Begin PBXSourcesBuildPhase section */
		F02FF2CD1B9FD1290046B9F1 /* Sources */ = {
			isa = PBXSourcesBuildPhase;
			buildActionMask = 2147483647;
			files = (
				F02FF2E01B9FD1290046B9F1 /* SecondViewController.m in Sources */,
				F02FF2DA1B9FD1290046B9F1 /* AppDelegate.m in Sources */,
				F02FF2DD1B9FD1290046B9F1 /* FirstViewController.m in Sources */,
				F02FF2D71B9FD1290046B9F1 /* main.m in Sources */,
			);
			runOnlyForDeploymentPostprocessing = 0;
		};
		F02FF2E91B9FD1290046B9F1 /* Sources */ = {
			isa = PBXSourcesBuildPhase;
			buildActionMask = 2147483647;
			files = (
				F02FF2F41B9FD1290046B9F1 /* WeiBoTests.m in Sources */,
			);
			runOnlyForDeploymentPostprocessing = 0;
		};
/* End PBXSourcesBuildPhase section */

/* Begin PBXTargetDependency section */
		F02FF2EF1B9FD1290046B9F1 /* PBXTargetDependency */ = {
			isa = PBXTargetDependency;
			target = F02FF2D01B9FD1290046B9F1 /* WeiBo */;
			targetProxy = F02FF2EE1B9FD1290046B9F1 /* PBXContainerItemProxy */;
		};
/* End PBXTargetDependency section */

/* Begin PBXVariantGroup section */
		F02FF2E11B9FD1290046B9F1 /* Main.storyboard */ = {
			isa = PBXVariantGroup;
			children = (
				F02FF2E21B9FD1290046B9F1 /* Base */,
			);
			name = Main.storyboard;
			sourceTree = "<group>";
		};
		F02FF2E61B9FD1290046B9F1 /* LaunchScreen.xib */ = {
			isa = PBXVariantGroup;
			children = (
				F02FF2E71B9FD1290046B9F1 /* Base */,
			);
			name = LaunchScreen.xib;
			sourceTree = "<group>";
		};
/* End PBXVariantGroup section */

/* Begin XCBuildConfiguration section */
		F02FF2F51B9FD1290046B9F1 /* Debug */ = {
			isa = XCBuildConfiguration;
			buildSettings = {
				ALWAYS_SEARCH_USER_PATHS = NO;
				CLANG_CXX_LANGUAGE_STANDARD = "gnu++0x";
				CLANG_CXX_LIBRARY = "libc++";
				CLANG_ENABLE_MODULES = YES;
				CLANG_ENABLE_OBJC_ARC = YES;
				CLANG_WARN_BOOL_CONVERSION = YES;
				CLANG_WARN_CONSTANT_CONVERSION = YES;
				CLANG_WARN_DIRECT_OBJC_ISA_USAGE = YES_ERROR;
				CLANG_WARN_EMPTY_BODY = YES;
				CLANG_WARN_ENUM_CONVERSION = YES;
				CLANG_WARN_INT_CONVERSION = YES;
				CLANG_WARN_OBJC_ROOT_CLASS = YES_ERROR;
				CLANG_WARN_UNREACHABLE_CODE = YES;
				CLANG_WARN__DUPLICATE_METHOD_MATCH = YES;
				"CODE_SIGN_IDENTITY[sdk=iphoneos*]" = "iPhone Developer";
				COPY_PHASE_STRIP = NO;
				DEBUG_INFORMATION_FORMAT = "dwarf-with-dsym";
				ENABLE_STRICT_OBJC_MSGSEND = YES;
				GCC_C_LANGUAGE_STANDARD = gnu99;
				GCC_DYNAMIC_NO_PIC = NO;
				GCC_NO_COMMON_BLOCKS = YES;
				GCC_OPTIMIZATION_LEVEL = 0;
				GCC_PREPROCESSOR_DEFINITIONS = (
					"DEBUG=1",
					"$(inherited)",
				);
				GCC_SYMBOLS_PRIVATE_EXTERN = NO;
				GCC_WARN_64_TO_32_BIT_CONVERSION = YES;
				GCC_WARN_ABOUT_RETURN_TYPE = YES_ERROR;
				GCC_WARN_UNDECLARED_SELECTOR = YES;
				GCC_WARN_UNINITIALIZED_AUTOS = YES_AGGRESSIVE;
				GCC_WARN_UNUSED_FUNCTION = YES;
				GCC_WARN_UNUSED_VARIABLE = YES;
				IPHONEOS_DEPLOYMENT_TARGET = 8.4;
				MTL_ENABLE_DEBUG_INFO = YES;
				ONLY_ACTIVE_ARCH = YES;
				SDKROOT = iphoneos;
			};
			name = Debug;
		};
		F02FF2F61B9FD1290046B9F1 /* Release */ = {
			isa = XCBuildConfiguration;
			buildSettings = {
				ALWAYS_SEARCH_USER_PATHS = NO;
				CLANG_CXX_LANGUAGE_STANDARD = "gnu++0x";
				CLANG_CXX_LIBRARY = "libc++";
				CLANG_ENABLE_MODULES = YES;
				CLANG_ENABLE_OBJC_ARC = YES;
				CLANG_WARN_BOOL_CONVERSION = YES;
				CLANG_WARN_CONSTANT_CONVERSION = YES;
				CLANG_WARN_DIRECT_OBJC_ISA_USAGE = YES_ERROR;
				CLANG_WARN_EMPTY_BODY = YES;
				CLANG_WARN_ENUM_CONVERSION = YES;
				CLANG_WARN_INT_CONVERSION = YES;
				CLANG_WARN_OBJC_ROOT_CLASS = YES_ERROR;
				CLANG_WARN_UNREACHABLE_CODE = YES;
				CLANG_WARN__DUPLICATE_METHOD_MATCH = YES;
				"CODE_SIGN_IDENTITY[sdk=iphoneos*]" = "iPhone Developer";
				COPY_PHASE_STRIP = NO;
				DEBUG_INFORMATION_FORMAT = "dwarf-with-dsym";
				ENABLE_NS_ASSERTIONS = NO;
				ENABLE_STRICT_OBJC_MSGSEND = YES;
				GCC_C_LANGUAGE_STANDARD = gnu99;
				GCC_NO_COMMON_BLOCKS = YES;
				GCC_WARN_64_TO_32_BIT_CONVERSION = YES;
				GCC_WARN_ABOUT_RETURN_TYPE = YES_ERROR;
				GCC_WARN_UNDECLARED_SELECTOR = YES;
				GCC_WARN_UNINITIALIZED_AUTOS = YES_AGGRESSIVE;
				GCC_WARN_UNUSED_FUNCTION = YES;
				GCC_WARN_UNUSED_VARIABLE = YES;
				IPHONEOS_DEPLOYMENT_TARGET = 8.4;
				MTL_ENABLE_DEBUG_INFO = NO;
				SDKROOT = iphoneos;
				VALIDATE_PRODUCT = YES;
			};
			name = Release;
		};
		F02FF2F81B9FD1290046B9F1 /* Debug */ = {
			isa = XCBuildConfiguration;
			buildSettings = {
				ASSETCATALOG_COMPILER_APPICON_NAME = AppIcon;
				INFOPLIST_FILE = WeiBo/Info.plist;
				LD_RUNPATH_SEARCH_PATHS = "$(inherited) @executable_path/Frameworks";
				PRODUCT_NAME = "$(TARGET_NAME)";
			};
			name = Debug;
		};
		F02FF2F91B9FD1290046B9F1 /* Release */ = {
			isa = XCBuildConfiguration;
			buildSettings = {
				ASSETCATALOG_COMPILER_APPICON_NAME = AppIcon;
				INFOPLIST_FILE = WeiBo/Info.plist;
				LD_RUNPATH_SEARCH_PATHS = "$(inherited) @executable_path/Frameworks";
				PRODUCT_NAME = "$(TARGET_NAME)";
			};
			name = Release;
		};
		F02FF2FB1B9FD1290046B9F1 /* Debug */ = {
			isa = XCBuildConfiguration;
			buildSettings = {
				BUNDLE_LOADER = "$(TEST_HOST)";
				FRAMEWORK_SEARCH_PATHS = (
					"$(SDKROOT)/Developer/Library/Frameworks",
					"$(inherited)",
				);
				GCC_PREPROCESSOR_DEFINITIONS = (
					"DEBUG=1",
					"$(inherited)",
				);
				INFOPLIST_FILE = WeiBoTests/Info.plist;
				LD_RUNPATH_SEARCH_PATHS = "$(inherited) @executable_path/Frameworks @loader_path/Frameworks";
				PRODUCT_NAME = "$(TARGET_NAME)";
				TEST_HOST = "$(BUILT_PRODUCTS_DIR)/WeiBo.app/WeiBo";
			};
			name = Debug;
		};
		F02FF2FC1B9FD1290046B9F1 /* Release */ = {
			isa = XCBuildConfiguration;
			buildSettings = {
				BUNDLE_LOADER = "$(TEST_HOST)";
				FRAMEWORK_SEARCH_PATHS = (
					"$(SDKROOT)/Developer/Library/Frameworks",
					"$(inherited)",
				);
				INFOPLIST_FILE = WeiBoTests/Info.plist;
				LD_RUNPATH_SEARCH_PATHS = "$(inherited) @executable_path/Frameworks @loader_path/Frameworks";
				PRODUCT_NAME = "$(TARGET_NAME)";
				TEST_HOST = "$(BUILT_PRODUCTS_DIR)/WeiBo.app/WeiBo";
			};
			name = Release;
		};
/* End XCBuildConfiguration section */

/* Begin XCConfigurationList section */
		F02FF2CC1B9FD1290046B9F1 /* Build configuration list for PBXProject "WeiBo" */ = {
			isa = XCConfigurationList;
			buildConfigurations = (
				F02FF2F51B9FD1290046B9F1 /* Debug */,
				F02FF2F61B9FD1290046B9F1 /* Release */,
			);
			defaultConfigurationIsVisible = 0;
			defaultConfigurationName = Release;
		};
		F02FF2F71B9FD1290046B9F1 /* Build configuration list for PBXNativeTarget "WeiBo" */ = {
			isa = XCConfigurationList;
			buildConfigurations = (
				F02FF2F81B9FD1290046B9F1 /* Debug */,
				F02FF2F91B9FD1290046B9F1 /* Release */,
			);
			defaultConfigurationIsVisible = 0;
		};
		F02FF2FA1B9FD1290046B9F1 /* Build configuration list for PBXNativeTarget "WeiBoTests" */ = {
			isa = XCConfigurationList;
			buildConfigurations = (
				F02FF2FB1B9FD1290046B9F1 /* Debug */,
				F02FF2FC1B9FD1290046B9F1 /* Release */,
			);
			defaultConfigurationIsVisible = 0;
		};
/* End XCConfigurationList section */
	};
	rootObject = F02FF2C91B9FD1290046B9F1 /* Project object */;
}
